{
  "name": "s3-asset-uploader",
  "version": "0.0.13",
  "lockfileVersion": 1,
  "requires": true,
  "dependencies": {
    "aws-sdk": {
      "version": "2.4.7",
      "resolved": "https://registry.npmjs.org/aws-sdk/-/aws-sdk-2.4.7.tgz",
      "integrity": "sha1-o45ORuYilRR5S6A7aG1rI7Ba698=",
      "requires": {
        "jmespath": "0.15.0",
        "sax": "1.1.5",
        "xml2js": "0.4.15",
        "xmlbuilder": "2.6.2"
      },
      "dependencies": {
        "jmespath": {
          "version": "0.15.0",
          "resolved": "https://registry.npmjs.org/jmespath/-/jmespath-0.15.0.tgz",
          "integrity": "sha1-o/Iiqarp+Wb10nx5ZRDigJF2Qhc="
        },
        "sax": {
          "version": "1.1.5",
          "resolved": "https://registry.npmjs.org/sax/-/sax-1.1.5.tgz",
          "integrity": "sha1-HaUKjQDN7NWUBWWfX/hTSf53N0M="
        },
        "xml2js": {
          "version": "0.4.15",
          "resolved": "https://registry.npmjs.org/xml2js/-/xml2js-0.4.15.tgz",
          "integrity": "sha1-lc0D/y3RROwovGJzvysokMWBrQw=",
          "requires": {
            "sax": ">=0.6.0",
            "xmlbuilder": ">=2.4.6"
          }
        },
        "xmlbuilder": {
          "version": "2.6.2",
          "resolved": "https://registry.npmjs.org/xmlbuilder/-/xmlbuilder-2.6.2.tgz",
          "integrity": "sha1-+Rb20Q1F3BcbG+Lm5nP7bgzDXQo=",
          "requires": {
            "lodash": "~3.5.0"
          },
          "dependencies": {
            "lodash": {
              "version": "3.5.0",
              "resolved": "https://registry.npmjs.org/lodash/-/lodash-3.5.0.tgz",
              "integrity": "sha1-Gbs/TVEnjwuMgY7RRcdOz5/kDm0="
            }
          }
        }
      }
    },
    "bluebird": {
      "version": "3.1.5",
      "resolved": "https://registry.npmjs.org/bluebird/-/bluebird-3.1.5.tgz",
      "integrity": "sha1-aSeKHh02WhgXuojzIUwvlCd50K4="
    },
    "findit": {
      "version": "2.0.0",
      "resolved": "https://registry.npmjs.org/findit/-/findit-2.0.0.tgz",
      "integrity": "sha1-ZQnwEmr0wXhVHPqZOU4DLhOk1W4="
    },
    "klass": {
      "version": "1.4.1",
      "resolved": "https://registry.npmjs.org/klass/-/klass-1.4.1.tgz",
      "integrity": "sha1-jO+fmJ6zGLfNrH02+HB7p0DVFw0="
    },
    "mime": {
      "version": "2.3.1",
      "resolved": "https://registry.npmjs.org/mime/-/mime-2.3.1.tgz",
      "integrity": "sha512-OEUllcVoydBHGN1z84yfQDimn58pZNNNXgZlHXSboxMlFvgI6MXSWpWKpFRra7H1HxpVhHTkrghfRW49k6yjeg=="
    },
    "valentine": {
      "version": "2.1.4",
      "resolved": "https://registry.npmjs.org/valentine/-/valentine-2.1.4.tgz",
      "integrity": "sha1-ucgRnA0m25OmbzvrpKgzx6VM9h8="
    }
  }
}
